Microsoft Visual Studio Solution File, Format Version 12.00
# Visual Studio 17
VisualStudioVersion = 17.1.32421.90
MinimumVisualStudioVersion = 10.0.40219.1
Project("{2150E333-8FDC-42A3-9474-1A3956D46DE8}") = "Shared", "Shared", "{5CF5D7F5-8BB0-4B42-B719-18E7A86EB35E}"
EndProject
Project("{FAE04EC0-301F-11D3-BF4B-00C04F79EFBC}") = "AdventureWorksLT2019.MauiXApp", "AdventureWorksLT2019\MauiXApp\AdventureWorksLT2019.MauiXApp.csproj", "{04A404A3-D7CB-4938-B247-10F6B029D206}"
EndProject
Project("{FAE04EC0-301F-11D3-BF4B-00C04F79EFBC}") = "AdventureWorksLT2019.EFCoreContext", "AdventureWorksLT2019\EFCoreContext\AdventureWorksLT2019.EFCoreContext.csproj", "{E632F75F-2407-452A-8A35-C1461C9B626C}"
EndProject
Project("{FAE04EC0-301F-11D3-BF4B-00C04F79EFBC}") = "AdventureWorksLT2019.EFCoreRepositories", "AdventureWorksLT2019\EFCoreRepositories\AdventureWorksLT2019.EFCoreRepositories.csproj", "{5345F5B7-F1A1-4A0B-8F4C-447545601E65}"
EndProject
Project("{FAE04EC0-301F-11D3-BF4B-00C04F79EFBC}") = "AdventureWorksLT2019.MvcWebApp", "AdventureWorksLT2019\MvcWebApp\AdventureWorksLT2019.MvcWebApp.csproj", "{4AF36A89-555A-45B5-92F6-DA2DFC1BE242}"
EndProject
Project("{FAE04EC0-301F-11D3-BF4B-00C04F79EFBC}") = "AdventureWorksLT2019.Models", "AdventureWorksLT2019\Models\AdventureWorksLT2019.Models.csproj", "{5FE34DB9-45C3-4FA6-B33E-2E714ACE368F}"
EndProject
Project("{FAE04EC0-301F-11D3-BF4B-00C04F79EFBC}") = "AdventureWorksLT2019.RepositoryContracts", "AdventureWorksLT2019\RepositoryContracts\AdventureWorksLT2019.RepositoryContracts.csproj", "{F4A6CE80-00E6-4614-8FC2-BE1ACDBED0F7}"
EndProject
Project("{FAE04EC0-301F-11D3-BF4B-00C04F79EFBC}") = "AdventureWorksLT2019.Resx", "AdventureWorksLT2019\Resx\AdventureWorksLT2019.Resx.csproj", "{22F6478C-5D61-43E2-AED3-F54C34AFDA1E}"
EndProject
Project("{FAE04EC0-301F-11D3-BF4B-00C04F79EFBC}") = "AdventureWorksLT2019.ServiceContracts", "AdventureWorksLT2019\ServiceContracts\AdventureWorksLT2019.ServiceContracts.csproj", "{7CE8ECE9-8317-4AB3-9DFB-3531DFC79E38}"
EndProject
Project("{FAE04EC0-301F-11D3-BF4B-00C04F79EFBC}") = "AdventureWorksLT2019.Services", "AdventureWorksLT2019\Services\AdventureWorksLT2019.Services.csproj", "{51AAEC97-F25B-41F1-862C-3A94EEB2F050}"
EndProject
Project("{FAE04EC0-301F-11D3-BF4B-00C04F79EFBC}") = "AdventureWorksLT2019.WebApiApp", "AdventureWorksLT2019\WebApiApp\AdventureWorksLT2019.WebApiApp.csproj", "{8F0AE207-E268-4E88-8DFD-FD198667B9BA}"
EndProject
Project("{FAE04EC0-301F-11D3-BF4B-00C04F79EFBC}") = "AdventureWorksLT2019.WebApiControllers", "AdventureWorksLT2019\WebApiControllers\AdventureWorksLT2019.WebApiControllers.csproj", "{636ED980-4C19-4620-8EEE-BB62047F1CF6}"
EndProject
Project("{FAE04EC0-301F-11D3-BF4B-00C04F79EFBC}") = "Framework", "Shared\Framework\Framework.csproj", "{6D25AA30-C3AF-4AE0-B567-0F2653120CDC}"
EndProject
Project("{FAE04EC0-301F-11D3-BF4B-00C04F79EFBC}") = "Framework.MauiX", "Shared\Framework.MauiX\Framework.MauiX.csproj", "{BD1BBD0D-CB7B-416E-93F9-0D97AB2285E3}"
EndProject
Project("{FAE04EC0-301F-11D3-BF4B-00C04F79EFBC}") = "Framework.Mvc", "Shared\Framework.Mvc\Framework.Mvc.csproj", "{0309E4E8-36CA-4881-9FBF-10A1E4960385}"
EndProject

Global
	GlobalSection(SolutionConfigurationPlatforms) = preSolution
		Debug|Any CPU = Debug|Any CPU
		Release|Any CPU = Release|Any CPU
	EndGlobalSection
	GlobalSection(ProjectConfigurationPlatforms) = postSolution
		{04A404A3-D7CB-4938-B247-10F6B029D206}.Debug|Any CPU.ActiveCfg = Debug|Any CPU
		{04A404A3-D7CB-4938-B247-10F6B029D206}.Debug|Any CPU.Build.0 = Debug|Any CPU
		{04A404A3-D7CB-4938-B247-10F6B029D206}.Release|Any CPU.ActiveCfg = Release|Any CPU
		{04A404A3-D7CB-4938-B247-10F6B029D206}.Release|Any CPU.Build.0 = Release|Any CPU
		{E632F75F-2407-452A-8A35-C1461C9B626C}.Debug|Any CPU.ActiveCfg = Debug|Any CPU
		{E632F75F-2407-452A-8A35-C1461C9B626C}.Debug|Any CPU.Build.0 = Debug|Any CPU
		{E632F75F-2407-452A-8A35-C1461C9B626C}.Release|Any CPU.ActiveCfg = Release|Any CPU
		{E632F75F-2407-452A-8A35-C1461C9B626C}.Release|Any CPU.Build.0 = Release|Any CPU
		{5345F5B7-F1A1-4A0B-8F4C-447545601E65}.Debug|Any CPU.ActiveCfg = Debug|Any CPU
		{5345F5B7-F1A1-4A0B-8F4C-447545601E65}.Debug|Any CPU.Build.0 = Debug|Any CPU
		{5345F5B7-F1A1-4A0B-8F4C-447545601E65}.Release|Any CPU.ActiveCfg = Release|Any CPU
		{5345F5B7-F1A1-4A0B-8F4C-447545601E65}.Release|Any CPU.Build.0 = Release|Any CPU
		{4AF36A89-555A-45B5-92F6-DA2DFC1BE242}.Debug|Any CPU.ActiveCfg = Debug|Any CPU
		{4AF36A89-555A-45B5-92F6-DA2DFC1BE242}.Debug|Any CPU.Build.0 = Debug|Any CPU
		{4AF36A89-555A-45B5-92F6-DA2DFC1BE242}.Release|Any CPU.ActiveCfg = Release|Any CPU
		{4AF36A89-555A-45B5-92F6-DA2DFC1BE242}.Release|Any CPU.Build.0 = Release|Any CPU
		{5FE34DB9-45C3-4FA6-B33E-2E714ACE368F}.Debug|Any CPU.ActiveCfg = Debug|Any CPU
		{5FE34DB9-45C3-4FA6-B33E-2E714ACE368F}.Debug|Any CPU.Build.0 = Debug|Any CPU
		{5FE34DB9-45C3-4FA6-B33E-2E714ACE368F}.Release|Any CPU.ActiveCfg = Release|Any CPU
		{5FE34DB9-45C3-4FA6-B33E-2E714ACE368F}.Release|Any CPU.Build.0 = Release|Any CPU
		{F4A6CE80-00E6-4614-8FC2-BE1ACDBED0F7}.Debug|Any CPU.ActiveCfg = Debug|Any CPU
		{F4A6CE80-00E6-4614-8FC2-BE1ACDBED0F7}.Debug|Any CPU.Build.0 = Debug|Any CPU
		{F4A6CE80-00E6-4614-8FC2-BE1ACDBED0F7}.Release|Any CPU.ActiveCfg = Release|Any CPU
		{F4A6CE80-00E6-4614-8FC2-BE1ACDBED0F7}.Release|Any CPU.Build.0 = Release|Any CPU
		{22F6478C-5D61-43E2-AED3-F54C34AFDA1E}.Debug|Any CPU.ActiveCfg = Debug|Any CPU
		{22F6478C-5D61-43E2-AED3-F54C34AFDA1E}.Debug|Any CPU.Build.0 = Debug|Any CPU
		{22F6478C-5D61-43E2-AED3-F54C34AFDA1E}.Release|Any CPU.ActiveCfg = Release|Any CPU
		{22F6478C-5D61-43E2-AED3-F54C34AFDA1E}.Release|Any CPU.Build.0 = Release|Any CPU
		{7CE8ECE9-8317-4AB3-9DFB-3531DFC79E38}.Debug|Any CPU.ActiveCfg = Debug|Any CPU
		{7CE8ECE9-8317-4AB3-9DFB-3531DFC79E38}.Debug|Any CPU.Build.0 = Debug|Any CPU
		{7CE8ECE9-8317-4AB3-9DFB-3531DFC79E38}.Release|Any CPU.ActiveCfg = Release|Any CPU
		{7CE8ECE9-8317-4AB3-9DFB-3531DFC79E38}.Release|Any CPU.Build.0 = Release|Any CPU
		{51AAEC97-F25B-41F1-862C-3A94EEB2F050}.Debug|Any CPU.ActiveCfg = Debug|Any CPU
		{51AAEC97-F25B-41F1-862C-3A94EEB2F050}.Debug|Any CPU.Build.0 = Debug|Any CPU
		{51AAEC97-F25B-41F1-862C-3A94EEB2F050}.Release|Any CPU.ActiveCfg = Release|Any CPU
		{51AAEC97-F25B-41F1-862C-3A94EEB2F050}.Release|Any CPU.Build.0 = Release|Any CPU
		{8F0AE207-E268-4E88-8DFD-FD198667B9BA}.Debug|Any CPU.ActiveCfg = Debug|Any CPU
		{8F0AE207-E268-4E88-8DFD-FD198667B9BA}.Debug|Any CPU.Build.0 = Debug|Any CPU
		{8F0AE207-E268-4E88-8DFD-FD198667B9BA}.Release|Any CPU.ActiveCfg = Release|Any CPU
		{8F0AE207-E268-4E88-8DFD-FD198667B9BA}.Release|Any CPU.Build.0 = Release|Any CPU
		{636ED980-4C19-4620-8EEE-BB62047F1CF6}.Debug|Any CPU.ActiveCfg = Debug|Any CPU
		{636ED980-4C19-4620-8EEE-BB62047F1CF6}.Debug|Any CPU.Build.0 = Debug|Any CPU
		{636ED980-4C19-4620-8EEE-BB62047F1CF6}.Release|Any CPU.ActiveCfg = Release|Any CPU
		{636ED980-4C19-4620-8EEE-BB62047F1CF6}.Release|Any CPU.Build.0 = Release|Any CPU
		{6D25AA30-C3AF-4AE0-B567-0F2653120CDC}.Debug|Any CPU.ActiveCfg = Debug|Any CPU
		{6D25AA30-C3AF-4AE0-B567-0F2653120CDC}.Debug|Any CPU.Build.0 = Debug|Any CPU
		{6D25AA30-C3AF-4AE0-B567-0F2653120CDC}.Release|Any CPU.ActiveCfg = Release|Any CPU
		{6D25AA30-C3AF-4AE0-B567-0F2653120CDC}.Release|Any CPU.Build.0 = Release|Any CPU
		{BD1BBD0D-CB7B-416E-93F9-0D97AB2285E3}.Debug|Any CPU.ActiveCfg = Debug|Any CPU
		{BD1BBD0D-CB7B-416E-93F9-0D97AB2285E3}.Debug|Any CPU.Build.0 = Debug|Any CPU
		{BD1BBD0D-CB7B-416E-93F9-0D97AB2285E3}.Release|Any CPU.ActiveCfg = Release|Any CPU
		{BD1BBD0D-CB7B-416E-93F9-0D97AB2285E3}.Release|Any CPU.Build.0 = Release|Any CPU
		{0309E4E8-36CA-4881-9FBF-10A1E4960385}.Debug|Any CPU.ActiveCfg = Debug|Any CPU
		{0309E4E8-36CA-4881-9FBF-10A1E4960385}.Debug|Any CPU.Build.0 = Debug|Any CPU
		{0309E4E8-36CA-4881-9FBF-10A1E4960385}.Release|Any CPU.ActiveCfg = Release|Any CPU
		{0309E4E8-36CA-4881-9FBF-10A1E4960385}.Release|Any CPU.Build.0 = Release|Any CPU

	EndGlobalSection
	GlobalSection(SolutionProperties) = preSolution
		HideSolutionNode = FALSE
	EndGlobalSection
	GlobalSection(NestedProjects) = preSolution
		{6D25AA30-C3AF-4AE0-B567-0F2653120CDC} = {5CF5D7F5-8BB0-4B42-B719-18E7A86EB35E}
		{BD1BBD0D-CB7B-416E-93F9-0D97AB2285E3} = {5CF5D7F5-8BB0-4B42-B719-18E7A86EB35E}
		{0309E4E8-36CA-4881-9FBF-10A1E4960385} = {5CF5D7F5-8BB0-4B42-B719-18E7A86EB35E}

	EndGlobalSection
EndGlobal
