Microsoft Visual Studio Solution File, Format Version 12.00
# Visual Studio 17
VisualStudioVersion = 17.1.32421.90
MinimumVisualStudioVersion = 10.0.40219.1
Project("{2150E333-8FDC-42A3-9474-1A3956D46DE8}") = "Shared", "Shared", "{5CF5D7F5-8BB0-4B42-B719-18E7A86EB35E}"
EndProject
Project("{FAE04EC0-301F-11D3-BF4B-00C04F79EFBC}") = "AdventureWorksLT2019.ReactTSApp", "AdventureWorksLT2019\ReactTSApp\AdventureWorksLT2019.ReactTSApp.esproj", "{E9126FE3-98AE-45F2-968E-9A3F3285BF69}"
EndProject
Project("{FAE04EC0-301F-11D3-BF4B-00C04F79EFBC}") = "AdventureWorksLT2019.MauiXApp", "AdventureWorksLT2019\MauiXApp\AdventureWorksLT2019.MauiXApp.csproj", "{47B78B6B-19BE-4E13-8911-507A8E4D1482}"
EndProject
Project("{FAE04EC0-301F-11D3-BF4B-00C04F79EFBC}") = "AdventureWorksLT2019.EFCoreContext", "AdventureWorksLT2019\EFCoreContext\AdventureWorksLT2019.EFCoreContext.csproj", "{7EFF5C1B-E49D-4750-9766-51B89E46CBB0}"
EndProject
Project("{FAE04EC0-301F-11D3-BF4B-00C04F79EFBC}") = "AdventureWorksLT2019.EFCoreRepositories", "AdventureWorksLT2019\EFCoreRepositories\AdventureWorksLT2019.EFCoreRepositories.csproj", "{30C775D4-8204-47B8-8604-484DD2E157B3}"
EndProject
Project("{FAE04EC0-301F-11D3-BF4B-00C04F79EFBC}") = "AdventureWorksLT2019.MvcWebApp", "AdventureWorksLT2019\MvcWebApp\AdventureWorksLT2019.MvcWebApp.csproj", "{2E1756C3-6739-4E42-A702-AB9E7B7EE9B4}"
EndProject
Project("{FAE04EC0-301F-11D3-BF4B-00C04F79EFBC}") = "AdventureWorksLT2019.Models", "AdventureWorksLT2019\Models\AdventureWorksLT2019.Models.csproj", "{70732AA1-286B-4079-837C-A90000C836C6}"
EndProject
Project("{FAE04EC0-301F-11D3-BF4B-00C04F79EFBC}") = "AdventureWorksLT2019.RepositoryContracts", "AdventureWorksLT2019\RepositoryContracts\AdventureWorksLT2019.RepositoryContracts.csproj", "{B2E658A9-41F2-45FB-8B8E-94D139E0E6B2}"
EndProject
Project("{FAE04EC0-301F-11D3-BF4B-00C04F79EFBC}") = "AdventureWorksLT2019.Resx", "AdventureWorksLT2019\Resx\AdventureWorksLT2019.Resx.csproj", "{4E121412-B7DE-41C0-ADC7-420146022A2B}"
EndProject
Project("{FAE04EC0-301F-11D3-BF4B-00C04F79EFBC}") = "AdventureWorksLT2019.ServiceContracts", "AdventureWorksLT2019\ServiceContracts\AdventureWorksLT2019.ServiceContracts.csproj", "{9BD9BF40-3EA5-4FD2-97A7-1BA9123B9804}"
EndProject
Project("{FAE04EC0-301F-11D3-BF4B-00C04F79EFBC}") = "AdventureWorksLT2019.Services", "AdventureWorksLT2019\Services\AdventureWorksLT2019.Services.csproj", "{5D3D00A2-86BD-49D0-BA25-A8C2CCEE7CE4}"
EndProject
Project("{FAE04EC0-301F-11D3-BF4B-00C04F79EFBC}") = "AdventureWorksLT2019.WebApiApp", "AdventureWorksLT2019\WebApiApp\AdventureWorksLT2019.WebApiApp.csproj", "{2A375EBB-9D16-46BF-96D4-F95FAAD3D67D}"
EndProject
Project("{FAE04EC0-301F-11D3-BF4B-00C04F79EFBC}") = "AdventureWorksLT2019.WebApiControllers", "AdventureWorksLT2019\WebApiControllers\AdventureWorksLT2019.WebApiControllers.csproj", "{A1E58A03-AB4B-41DE-884E-4DBE3628B15D}"
EndProject
Project("{FAE04EC0-301F-11D3-BF4B-00C04F79EFBC}") = "Framework", "Shared\Framework\Framework.csproj", "{6D25AA30-C3AF-4AE0-B567-0F2653120CDC}"
EndProject
Project("{FAE04EC0-301F-11D3-BF4B-00C04F79EFBC}") = "Framework.MauiX", "Shared\Framework.MauiX\Framework.MauiX.csproj", "{BD1BBD0D-CB7B-416E-93F9-0D97AB2285E3}"
EndProject
Project("{FAE04EC0-301F-11D3-BF4B-00C04F79EFBC}") = "Framework.Mvc", "Shared\Framework.Mvc\Framework.Mvc.csproj", "{0309E4E8-36CA-4881-9FBF-10A1E4960385}"
EndProject

Global
	GlobalSection(SolutionConfigurationPlatforms) = preSolution
		Debug|Any CPU = Debug|Any CPU
		Release|Any CPU = Release|Any CPU
	EndGlobalSection
	GlobalSection(ProjectConfigurationPlatforms) = postSolution
		{E9126FE3-98AE-45F2-968E-9A3F3285BF69}.Debug|Any CPU.ActiveCfg = Debug|Any CPU
		{E9126FE3-98AE-45F2-968E-9A3F3285BF69}.Debug|Any CPU.Build.0 = Debug|Any CPU
		{E9126FE3-98AE-45F2-968E-9A3F3285BF69}.Release|Any CPU.ActiveCfg = Release|Any CPU
		{E9126FE3-98AE-45F2-968E-9A3F3285BF69}.Release|Any CPU.Build.0 = Release|Any CPU
		{47B78B6B-19BE-4E13-8911-507A8E4D1482}.Debug|Any CPU.ActiveCfg = Debug|Any CPU
		{47B78B6B-19BE-4E13-8911-507A8E4D1482}.Debug|Any CPU.Build.0 = Debug|Any CPU
		{47B78B6B-19BE-4E13-8911-507A8E4D1482}.Release|Any CPU.ActiveCfg = Release|Any CPU
		{47B78B6B-19BE-4E13-8911-507A8E4D1482}.Release|Any CPU.Build.0 = Release|Any CPU
		{7EFF5C1B-E49D-4750-9766-51B89E46CBB0}.Debug|Any CPU.ActiveCfg = Debug|Any CPU
		{7EFF5C1B-E49D-4750-9766-51B89E46CBB0}.Debug|Any CPU.Build.0 = Debug|Any CPU
		{7EFF5C1B-E49D-4750-9766-51B89E46CBB0}.Release|Any CPU.ActiveCfg = Release|Any CPU
		{7EFF5C1B-E49D-4750-9766-51B89E46CBB0}.Release|Any CPU.Build.0 = Release|Any CPU
		{30C775D4-8204-47B8-8604-484DD2E157B3}.Debug|Any CPU.ActiveCfg = Debug|Any CPU
		{30C775D4-8204-47B8-8604-484DD2E157B3}.Debug|Any CPU.Build.0 = Debug|Any CPU
		{30C775D4-8204-47B8-8604-484DD2E157B3}.Release|Any CPU.ActiveCfg = Release|Any CPU
		{30C775D4-8204-47B8-8604-484DD2E157B3}.Release|Any CPU.Build.0 = Release|Any CPU
		{2E1756C3-6739-4E42-A702-AB9E7B7EE9B4}.Debug|Any CPU.ActiveCfg = Debug|Any CPU
		{2E1756C3-6739-4E42-A702-AB9E7B7EE9B4}.Debug|Any CPU.Build.0 = Debug|Any CPU
		{2E1756C3-6739-4E42-A702-AB9E7B7EE9B4}.Release|Any CPU.ActiveCfg = Release|Any CPU
		{2E1756C3-6739-4E42-A702-AB9E7B7EE9B4}.Release|Any CPU.Build.0 = Release|Any CPU
		{70732AA1-286B-4079-837C-A90000C836C6}.Debug|Any CPU.ActiveCfg = Debug|Any CPU
		{70732AA1-286B-4079-837C-A90000C836C6}.Debug|Any CPU.Build.0 = Debug|Any CPU
		{70732AA1-286B-4079-837C-A90000C836C6}.Release|Any CPU.ActiveCfg = Release|Any CPU
		{70732AA1-286B-4079-837C-A90000C836C6}.Release|Any CPU.Build.0 = Release|Any CPU
		{B2E658A9-41F2-45FB-8B8E-94D139E0E6B2}.Debug|Any CPU.ActiveCfg = Debug|Any CPU
		{B2E658A9-41F2-45FB-8B8E-94D139E0E6B2}.Debug|Any CPU.Build.0 = Debug|Any CPU
		{B2E658A9-41F2-45FB-8B8E-94D139E0E6B2}.Release|Any CPU.ActiveCfg = Release|Any CPU
		{B2E658A9-41F2-45FB-8B8E-94D139E0E6B2}.Release|Any CPU.Build.0 = Release|Any CPU
		{4E121412-B7DE-41C0-ADC7-420146022A2B}.Debug|Any CPU.ActiveCfg = Debug|Any CPU
		{4E121412-B7DE-41C0-ADC7-420146022A2B}.Debug|Any CPU.Build.0 = Debug|Any CPU
		{4E121412-B7DE-41C0-ADC7-420146022A2B}.Release|Any CPU.ActiveCfg = Release|Any CPU
		{4E121412-B7DE-41C0-ADC7-420146022A2B}.Release|Any CPU.Build.0 = Release|Any CPU
		{9BD9BF40-3EA5-4FD2-97A7-1BA9123B9804}.Debug|Any CPU.ActiveCfg = Debug|Any CPU
		{9BD9BF40-3EA5-4FD2-97A7-1BA9123B9804}.Debug|Any CPU.Build.0 = Debug|Any CPU
		{9BD9BF40-3EA5-4FD2-97A7-1BA9123B9804}.Release|Any CPU.ActiveCfg = Release|Any CPU
		{9BD9BF40-3EA5-4FD2-97A7-1BA9123B9804}.Release|Any CPU.Build.0 = Release|Any CPU
		{5D3D00A2-86BD-49D0-BA25-A8C2CCEE7CE4}.Debug|Any CPU.ActiveCfg = Debug|Any CPU
		{5D3D00A2-86BD-49D0-BA25-A8C2CCEE7CE4}.Debug|Any CPU.Build.0 = Debug|Any CPU
		{5D3D00A2-86BD-49D0-BA25-A8C2CCEE7CE4}.Release|Any CPU.ActiveCfg = Release|Any CPU
		{5D3D00A2-86BD-49D0-BA25-A8C2CCEE7CE4}.Release|Any CPU.Build.0 = Release|Any CPU
		{2A375EBB-9D16-46BF-96D4-F95FAAD3D67D}.Debug|Any CPU.ActiveCfg = Debug|Any CPU
		{2A375EBB-9D16-46BF-96D4-F95FAAD3D67D}.Debug|Any CPU.Build.0 = Debug|Any CPU
		{2A375EBB-9D16-46BF-96D4-F95FAAD3D67D}.Release|Any CPU.ActiveCfg = Release|Any CPU
		{2A375EBB-9D16-46BF-96D4-F95FAAD3D67D}.Release|Any CPU.Build.0 = Release|Any CPU
		{A1E58A03-AB4B-41DE-884E-4DBE3628B15D}.Debug|Any CPU.ActiveCfg = Debug|Any CPU
		{A1E58A03-AB4B-41DE-884E-4DBE3628B15D}.Debug|Any CPU.Build.0 = Debug|Any CPU
		{A1E58A03-AB4B-41DE-884E-4DBE3628B15D}.Release|Any CPU.ActiveCfg = Release|Any CPU
		{A1E58A03-AB4B-41DE-884E-4DBE3628B15D}.Release|Any CPU.Build.0 = Release|Any CPU
		{6D25AA30-C3AF-4AE0-B567-0F2653120CDC}.Debug|Any CPU.ActiveCfg = Debug|Any CPU
		{6D25AA30-C3AF-4AE0-B567-0F2653120CDC}.Debug|Any CPU.Build.0 = Debug|Any CPU
		{6D25AA30-C3AF-4AE0-B567-0F2653120CDC}.Release|Any CPU.ActiveCfg = Release|Any CPU
		{6D25AA30-C3AF-4AE0-B567-0F2653120CDC}.Release|Any CPU.Build.0 = Release|Any CPU
		{BD1BBD0D-CB7B-416E-93F9-0D97AB2285E3}.Debug|Any CPU.ActiveCfg = Debug|Any CPU
		{BD1BBD0D-CB7B-416E-93F9-0D97AB2285E3}.Debug|Any CPU.Build.0 = Debug|Any CPU
		{BD1BBD0D-CB7B-416E-93F9-0D97AB2285E3}.Release|Any CPU.ActiveCfg = Release|Any CPU
		{BD1BBD0D-CB7B-416E-93F9-0D97AB2285E3}.Release|Any CPU.Build.0 = Release|Any CPU
		{0309E4E8-36CA-4881-9FBF-10A1E4960385}.Debug|Any CPU.ActiveCfg = Debug|Any CPU
		{0309E4E8-36CA-4881-9FBF-10A1E4960385}.Debug|Any CPU.Build.0 = Debug|Any CPU
		{0309E4E8-36CA-4881-9FBF-10A1E4960385}.Release|Any CPU.ActiveCfg = Release|Any CPU
		{0309E4E8-36CA-4881-9FBF-10A1E4960385}.Release|Any CPU.Build.0 = Release|Any CPU

	EndGlobalSection
	GlobalSection(SolutionProperties) = preSolution
		HideSolutionNode = FALSE
	EndGlobalSection
	GlobalSection(NestedProjects) = preSolution
		{6D25AA30-C3AF-4AE0-B567-0F2653120CDC} = {5CF5D7F5-8BB0-4B42-B719-18E7A86EB35E}
		{BD1BBD0D-CB7B-416E-93F9-0D97AB2285E3} = {5CF5D7F5-8BB0-4B42-B719-18E7A86EB35E}
		{0309E4E8-36CA-4881-9FBF-10A1E4960385} = {5CF5D7F5-8BB0-4B42-B719-18E7A86EB35E}

	EndGlobalSection
EndGlobal
